// !$*UTF8*$!
{
	archiveVersion = 1;
	classes = {
	};
	objectVersion = 46;
	objects = {

/* Begin PBXBuildFile section */
		FB23A07B15D5A7D100372A82 /* EditViewController.m in Sources */ = {isa = PBXBuildFile; fileRef = FB23A07A15D5A7D100372A82 /* EditViewController.m */; };
		FB34A1EF15D5A40700F9CF19 /* UIKit.framework in Frameworks */ = {isa = PBXBuildFile; fileRef = FB34A1EE15D5A40700F9CF19 /* UIKit.framework */; };
		FB34A1F115D5A40700F9CF19 /* Foundation.framework in Frameworks */ = {isa = PBXBuildFile; fileRef = FB34A1F015D5A40700F9CF19 /* Foundation.framework */; };
		FB34A1F315D5A40700F9CF19 /* CoreGraphics.framework in Frameworks */ = {isa = PBXBuildFile; fileRef = FB34A1F215D5A40700F9CF19 /* CoreGraphics.framework */; };
		FB34A1F515D5A40700F9CF19 /* CoreData.framework in Frameworks */ = {isa = PBXBuildFile; fileRef = FB34A1F415D5A40700F9CF19 /* CoreData.framework */; };
		FB34A1FB15D5A40700F9CF19 /* InfoPlist.strings in Resources */ = {isa = PBXBuildFile; fileRef = FB34A1F915D5A40700F9CF19 /* InfoPlist.strings */; };
		FB34A1FD15D5A40700F9CF19 /* main.m in Sources */ = {isa = PBXBuildFile; fileRef = FB34A1FC15D5A40700F9CF19 /* main.m */; };
		FB34A20115D5A40700F9CF19 /* AppDelegate.m in Sources */ = {isa = PBXBuildFile; fileRef = FB34A20015D5A40700F9CF19 /* AppDelegate.m */; };
		FB34A20415D5A40700F9CF19 /* MainStoryboard.storyboard in Resources */ = {isa = PBXBuildFile; fileRef = FB34A20215D5A40700F9CF19 /* MainStoryboard.storyboard */; };
		FB34A20715D5A40700F9CF19 /* Restoration.xcdatamodeld in Sources */ = {isa = PBXBuildFile; fileRef = FB34A20515D5A40700F9CF19 /* Restoration.xcdatamodeld */; };
		FB34A20A15D5A40700F9CF19 /* MasterViewController.m in Sources */ = {isa = PBXBuildFile; fileRef = FB34A20915D5A40700F9CF19 /* MasterViewController.m */; };
		FB34A20D15D5A40700F9CF19 /* DetailViewController.m in Sources */ = {isa = PBXBuildFile; fileRef = FB34A20C15D5A40700F9CF19 /* DetailViewController.m */; };
/* End PBXBuildFile section */

/* Begin PBXFileReference section */
		FB23A07915D5A7D100372A82 /* EditViewController.h */ = {isa = PBXFileReference; fileEncoding = 4; lastKnownFileType = sourcecode.c.h; path = EditViewController.h; sourceTree = "<group>"; };
		FB23A07A15D5A7D100372A82 /* EditViewController.m */ = {isa = PBXFileReference; fileEncoding = 4; lastKnownFileType = sourcecode.c.objc; path = EditViewController.m; sourceTree = "<group>"; };
		FB34A1EA15D5A40700F9CF19 /* Restoration.app */ = {isa = PBXFileReference; explicitFileType = wrapper.application; includeInIndex = 0; path = Restoration.app; sourceTree = BUILT_PRODUCTS_DIR; };
		FB34A1EE15D5A40700F9CF19 /* UIKit.framework */ = {isa = PBXFileReference; lastKnownFileType = wrapper.framework; name = UIKit.framework; path = System/Library/Frameworks/UIKit.framework; sourceTree = SDKROOT; };
		FB34A1F015D5A40700F9CF19 /* Foundation.framework */ = {isa = PBXFileReference; lastKnownFileType = wrapper.framework; name = Foundation.framework; path = System/Library/Frameworks/Foundation.framework; sourceTree = SDKROOT; };
		FB34A1F215D5A40700F9CF19 /* CoreGraphics.framework */ = {isa = PBXFileReference; lastKnownFileType = wrapper.framework; name = CoreGraphics.framework; path = System/Library/Frameworks/CoreGraphics.framework; sourceTree = SDKROOT; };
		FB34A1F415D5A40700F9CF19 /* CoreData.framework */ = {isa = PBXFileReference; lastKnownFileType = wrapper.framework; name = CoreData.framework; path = System/Library/Frameworks/CoreData.framework; sourceTree = SDKROOT; };
		FB34A1F815D5A40700F9CF19 /* Restoration-Info.plist */ = {isa = PBXFileReference; lastKnownFileType = text.plist.xml; path = "Restoration-Info.plist"; sourceTree = "<group>"; };
		FB34A1FA15D5A40700F9CF19 /* en */ = {isa = PBXFileReference; lastKnownFileType = text.plist.strings; name = en; path = en.lproj/InfoPlist.strings; sourceTree = "<group>"; };
		FB34A1FC15D5A40700F9CF19 /* main.m */ = {isa = PBXFileReference; lastKnownFileType = sourcecode.c.objc; path = main.m; sourceTree = "<group>"; };
		FB34A1FE15D5A40700F9CF19 /* Restoration-Prefix.pch */ = {isa = PBXFileReference; lastKnownFileType = sourcecode.c.h; path = "Restoration-Prefix.pch"; sourceTree = "<group>"; };
		FB34A1FF15D5A40700F9CF19 /* AppDelegate.h */ = {isa = PBXFileReference; lastKnownFileType = sourcecode.c.h; path = AppDelegate.h; sourceTree = "<group>"; };
		FB34A20015D5A40700F9CF19 /* AppDelegate.m */ = {isa = PBXFileReference; lastKnownFileType = sourcecode.c.objc; path = AppDelegate.m; sourceTree = "<group>"; };
		FB34A20315D5A40700F9CF19 /* en */ = {isa = PBXFileReference; lastKnownFileType = file.storyboard; name = en; path = en.lproj/MainStoryboard.storyboard; sourceTree = "<group>"; };
		FB34A20615D5A40700F9CF19 /* Restoration.xcdatamodel */ = {isa = PBXFileReference; lastKnownFileType = wrapper.xcdatamodel; path = Restoration.xcdatamodel; sourceTree = "<group>"; };
		FB34A20815D5A40700F9CF19 /* MasterViewController.h */ = {isa = PBXFileReference; lastKnownFileType = sourcecode.c.h; path = MasterViewController.h; sourceTree = "<group>"; };
		FB34A20915D5A40700F9CF19 /* MasterViewController.m */ = {isa = PBXFileReference; lastKnownFileType = sourcecode.c.objc; path = MasterViewController.m; sourceTree = "<group>"; };
		FB34A20B15D5A40700F9CF19 /* DetailViewController.h */ = {isa = PBXFileReference; lastKnownFileType = sourcecode.c.h; path = DetailViewController.h; sourceTree = "<group>"; };
		FB34A20C15D5A40700F9CF19 /* DetailViewController.m */ = {isa = PBXFileReference; lastKnownFileType = sourcecode.c.objc; path = DetailViewController.m; sourceTree = "<group>"; };
/* End PBXFileReference section */

/* Begin PBXFrameworksBuildPhase section */
		FB34A1E715D5A40700F9CF19 /* Frameworks */ = {
			isa = PBXFrameworksBuildPhase;
			buildActionMask = 2147483647;
			files = (
				FB34A1EF15D5A40700F9CF19 /* UIKit.framework in Frameworks */,
				FB34A1F115D5A40700F9CF19 /* Foundation.framework in Frameworks */,
				FB34A1F315D5A40700F9CF19 /* CoreGraphics.framework in Frameworks */,
				FB34A1F515D5A40700F9CF19 /* CoreData.framework in Frameworks */,
			);
			runOnlyForDeploymentPostprocessing = 0;
		};
/* End PBXFrameworksBuildPhase section */

/* Begin PBXGroup section */
		FB34A1DF15D5A40700F9CF19 = {
			isa = PBXGroup;
			children = (
				FB34A1F615D5A40700F9CF19 /* Restoration */,
				FB34A1ED15D5A40700F9CF19 /* Frameworks */,
				FB34A1EB15D5A40700F9CF19 /* Products */,
			);
			sourceTree = "<group>";
		};
		FB34A1EB15D5A40700F9CF19 /* Products */ = {
			isa = PBXGroup;
			children = (
				FB34A1EA15D5A40700F9CF19 /* Restoration.app */,
			);
			name = Products;
			sourceTree = "<group>";
		};
		FB34A1ED15D5A40700F9CF19 /* Frameworks */ = {
			isa = PBXGroup;
			children = (
				FB34A1EE15D5A40700F9CF19 /* UIKit.framework */,
				FB34A1F015D5A40700F9CF19 /* Foundation.framework */,
				FB34A1F215D5A40700F9CF19 /* CoreGraphics.framework */,
				FB34A1F415D5A40700F9CF19 /* CoreData.framework */,
			);
			name = Frameworks;
			sourceTree = "<group>";
		};
		FB34A1F615D5A40700F9CF19 /* Restoration */ = {
			isa = PBXGroup;
			children = (
				FB34A1FF15D5A40700F9CF19 /* AppDelegate.h */,
				FB34A20015D5A40700F9CF19 /* AppDelegate.m */,
				FB34A20215D5A40700F9CF19 /* MainStoryboard.storyboard */,
				FB34A20815D5A40700F9CF19 /* MasterViewController.h */,
				FB34A20915D5A40700F9CF19 /* MasterViewController.m */,
				FB34A20B15D5A40700F9CF19 /* DetailViewController.h */,
				FB34A20C15D5A40700F9CF19 /* DetailViewController.m */,
				FB34A20515D5A40700F9CF19 /* Restoration.xcdatamodeld */,
				FB34A1F715D5A40700F9CF19 /* Supporting Files */,
				FB23A07915D5A7D100372A82 /* EditViewController.h */,
				FB23A07A15D5A7D100372A82 /* EditViewController.m */,
			);
			path = Restoration;
			sourceTree = "<group>";
		};
		FB34A1F715D5A40700F9CF19 /* Supporting Files */ = {
			isa = PBXGroup;
			children = (
				FB34A1F815D5A40700F9CF19 /* Restoration-Info.plist */,
				FB34A1F915D5A40700F9CF19 /* InfoPlist.strings */,
				FB34A1FC15D5A40700F9CF19 /* main.m */,
				FB34A1FE15D5A40700F9CF19 /* Restoration-Prefix.pch */,
			);
			name = "Supporting Files";
			sourceTree = "<group>";
		};
/* End PBXGroup section */

/* Begin PBXNativeTarget section */
		FB34A1E915D5A40700F9CF19 /* Restoration */ = {
			isa = PBXNativeTarget;
			buildConfigurationList = FB34A21015D5A40700F9CF19 /* Build configuration list for PBXNativeTarget "Restoration" */;
			buildPhases = (
				FB34A1E615D5A40700F9CF19 /* Sources */,
				FB34A1E715D5A40700F9CF19 /* Frameworks */,
				FB34A1E815D5A40700F9CF19 /* Resources */,
			);
			buildRules = (
			);
			dependencies = (
			);
			name = Restoration;
			productName = Restoration;
			productReference = FB34A1EA15D5A40700F9CF19 /* Restoration.app */;
			productType = "com.apple.product-type.application";
		};
/* End PBXNativeTarget section */

/* Begin PBXProject section */
		FB34A1E115D5A40700F9CF19 /* Project object */ = {
			isa = PBXProject;
			attributes = {
				LastUpgradeCheck = 0450;
				ORGANIZATIONNAME = "Rob Napier";
			};
			buildConfigurationList = FB34A1E415D5A40700F9CF19 /* Build configuration list for PBXProject "Restoration" */;
			compatibilityVersion = "Xcode 3.2";
			developmentRegion = English;
			hasScannedForEncodings = 0;
			knownRegions = (
				en,
			);
			mainGroup = FB34A1DF15D5A40700F9CF19;
			productRefGroup = FB34A1EB15D5A40700F9CF19 /* Products */;
			projectDirPath = "";
			projectRoot = "";
			targets = (
				FB34A1E915D5A40700F9CF19 /* Restoration */,
			);
		};
/* End PBXProject section */

/* Begin PBXResourcesBuildPhase section */
		FB34A1E815D5A40700F9CF19 /* Resources */ = {
			isa = PBXResourcesBuildPhase;
			buildActionMask = 2147483647;
			files = (
				FB34A1FB15D5A40700F9CF19 /* InfoPlist.strings in Resources */,
				FB34A20415D5A40700F9CF19 /* MainStoryboard.storyboard in Resources */,
			);
			runOnlyForDeploymentPostprocessing = 0;
		};
/* End PBXResourcesBuildPhase section */

/* Begin PBXSourcesBuildPhase section */
		FB34A1E615D5A40700F9CF19 /* Sources */ = {
			isa = PBXSourcesBuildPhase;
			buildActionMask = 2147483647;
			files = (
				FB34A1FD15D5A40700F9CF19 /* main.m in Sources */,
				FB34A20115D5A40700F9CF19 /* AppDelegate.m in Sources */,
				FB34A20715D5A40700F9CF19 /* Restoration.xcdatamodeld in Sources */,
				FB34A20A15D5A40700F9CF19 /* MasterViewController.m in Sources */,
				FB34A20D15D5A40700F9CF19 /* DetailViewController.m in Sources */,
				FB23A07B15D5A7D100372A82 /* EditViewController.m in Sources */,
			);
			runOnlyForDeploymentPostprocessing = 0;
		};
/* End PBXSourcesBuildPhase section */

/* Begin PBXVariantGroup section */
		FB34A1F915D5A40700F9CF19 /* InfoPlist.strings */ = {
			isa = PBXVariantGroup;
			children = (
				FB34A1FA15D5A40700F9CF19 /* en */,
			);
			name = InfoPlist.strings;
			sourceTree = "<group>";
		};
		FB34A20215D5A40700F9CF19 /* MainStoryboard.storyboard */ = {
			isa = PBXVariantGroup;
			children = (
				FB34A20315D5A40700F9CF19 /* en */,
			);
			name = MainStoryboard.storyboard;
			sourceTree = "<group>";
		};
/* End PBXVariantGroup section */

/* Begin XCBuildConfiguration section */
		FB34A20E15D5A40700F9CF19 /* Debug */ = {
			isa = XCBuildConfiguration;
			buildSettings = {
				ALWAYS_SEARCH_USER_PATHS = NO;
				CLANG_CXX_LANGUAGE_STANDARD = "gnu++0x";
				CLANG_CXX_LIBRARY = "libc++";
				CLANG_ENABLE_OBJC_ARC = YES;
				CLANG_WARN__DUPLICATE_METHOD_MATCH = YES;
				"CODE_SIGN_IDENTITY[sdk=iphoneos*]" = "iPhone Developer";
				COPY_PHASE_STRIP = NO;
				GCC_C_LANGUAGE_STANDARD = gnu99;
				GCC_DYNAMIC_NO_PIC = NO;
				GCC_OPTIMIZATION_LEVEL = 0;
				GCC_PREPROCESSOR_DEFINITIONS = (
					"DEBUG=1",
					"$(inherited)",
				);
				GCC_SYMBOLS_PRIVATE_EXTERN = NO;
				GCC_WARN_ABOUT_RETURN_TYPE = YES;
				GCC_WARN_UNINITIALIZED_AUTOS = YES;
				GCC_WARN_UNUSED_VARIABLE = YES;
				IPHONEOS_DEPLOYMENT_TARGET = 6.0;
				SDKROOT = iphoneos;
				TARGETED_DEVICE_FAMILY = 2;
			};
			name = Debug;
		};
		FB34A20F15D5A40700F9CF19 /* Release */ = {
			isa = XCBuildConfiguration;
			buildSettings = {
				ALWAYS_SEARCH_USER_PATHS = NO;
				CLANG_CXX_LANGUAGE_STANDARD = "gnu++0x";
				CLANG_CXX_LIBRARY = "libc++";
				CLANG_ENABLE_OBJC_ARC = YES;
				CLANG_WARN__DUPLICATE_METHOD_MATCH = YES;
				"CODE_SIGN_IDENTITY[sdk=iphoneos*]" = "iPhone Developer";
				COPY_PHASE_STRIP = YES;
				GCC_C_LANGUAGE_STANDARD = gnu99;
				GCC_WARN_ABOUT_RETURN_TYPE = YES;
				GCC_WARN_UNINITIALIZED_AUTOS = YES;
				GCC_WARN_UNUSED_VARIABLE = YES;
				IPHONEOS_DEPLOYMENT_TARGET = 6.0;
				OTHER_CFLAGS = "-DNS_BLOCK_ASSERTIONS=1";
				SDKROOT = iphoneos;
				TARGETED_DEVICE_FAMILY = 2;
				VALIDATE_PRODUCT = YES;
			};
			name = Release;
		};
		FB34A21115D5A40700F9CF19 /* Debug */ = {
			isa = XCBuildConfiguration;
			buildSettings = {
				GCC_PRECOMPILE_PREFIX_HEADER = YES;
				GCC_PREFIX_HEADER = "Restoration/Restoration-Prefix.pch";
				INFOPLIST_FILE = "Restoration/Restoration-Info.plist";
				PRODUCT_NAME = "$(TARGET_NAME)";
				WRAPPER_EXTENSION = app;
			};
			name = Debug;
		};
		FB34A21215D5A40700F9CF19 /* Release */ = {
			isa = XCBuildConfiguration;
			buildSettings = {
				GCC_PRECOMPILE_PREFIX_HEADER = YES;
				GCC_PREFIX_HEADER = "Restoration/Restoration-Prefix.pch";
				INFOPLIST_FILE = "Restoration/Restoration-Info.plist";
				PRODUCT_NAME = "$(TARGET_NAME)";
				WRAPPER_EXTENSION = app;
			};
			name = Release;
		};
/* End XCBuildConfiguration section */

/* Begin XCConfigurationList section */
		FB34A1E415D5A40700F9CF19 /* Build configuration list for PBXProject "Restoration" */ = {
			isa = XCConfigurationList;
			buildConfigurations = (
				FB34A20E15D5A40700F9CF19 /* Debug */,
				FB34A20F15D5A40700F9CF19 /* Release */,
			);
			defaultConfigurationIsVisible = 0;
			defaultConfigurationName = Release;
		};
		FB34A21015D5A40700F9CF19 /* Build configuration list for PBXNativeTarget "Restoration" */ = {
			isa = XCConfigurationList;
			buildConfigurations = (
				FB34A21115D5A40700F9CF19 /* Debug */,
				FB34A21215D5A40700F9CF19 /* Release */,
			);
			defaultConfigurationIsVisible = 0;
			defaultConfigurationName = Release;
		};
/* End XCConfigurationList section */

/* Begin XCVersionGroup section */
		FB34A20515D5A40700F9CF19 /* Restoration.xcdatamodeld */ = {
			isa = XCVersionGroup;
			children = (
				FB34A20615D5A40700F9CF19 /* Restoration.xcdatamodel */,
			);
			currentVersion = FB34A20615D5A40700F9CF19 /* Restoration.xcdatamodel */;
			path = Restoration.xcdatamodeld;
			sourceTree = "<group>";
			versionGroupType = wrapper.xcdatamodel;
		};
/* End XCVersionGroup section */
	};
	rootObject = FB34A1E115D5A40700F9CF19 /* Project object */;
}
