// !$*UTF8*$!
{
	archiveVersion = 1;
	classes = {
	};
	objectVersion = 46;
	objects = {

/* Begin PBXBuildFile section */
		AB1367AF13A5CBBB007D5996 /* RESTError.m in Sources */ = {isa = PBXBuildFile; fileRef = AB1367AE13A5CBBB007D5996 /* RESTError.m */; };
		AB1367B713A5CDCD007D5996 /* Errors_en_US.plist in Resources */ = {isa = PBXBuildFile; fileRef = AB1367B613A5CDCC007D5996 /* Errors_en_US.plist */; };
		AB1367C613A5FC2D007D5996 /* error.json in Resources */ = {isa = PBXBuildFile; fileRef = AB1367C513A5FC2D007D5996 /* error.json */; };
		AB27FD3B13908E5E00696D56 /* Review.m in Sources */ = {isa = PBXBuildFile; fileRef = AB27FD3A13908E5E00696D56 /* Review.m */; };
		AB27FD571390A78D00696D56 /* RESTRequest.m in Sources */ = {isa = PBXBuildFile; fileRef = AB27FD561390A78A00696D56 /* RESTRequest.m */; };
		AB3D1B1B13ADDDB2007D4867 /* MenuItemsViewController.m in Sources */ = {isa = PBXBuildFile; fileRef = AB3D1B1913ADDDB2007D4867 /* MenuItemsViewController.m */; };
		AB3D1B1C13ADDDB2007D4867 /* MenuItemsViewController.xib in Resources */ = {isa = PBXBuildFile; fileRef = AB3D1B1A13ADDDB2007D4867 /* MenuItemsViewController.xib */; };
		AB3D1B2013ADE582007D4867 /* AppCache.m in Sources */ = {isa = PBXBuildFile; fileRef = AB3D1B1F13ADE582007D4867 /* AppCache.m */; };
		AB529415138CDBDA00E5F2C6 /* UIKit.framework in Frameworks */ = {isa = PBXBuildFile; fileRef = AB529414138CDBDA00E5F2C6 /* UIKit.framework */; };
		AB529417138CDBDA00E5F2C6 /* Foundation.framework in Frameworks */ = {isa = PBXBuildFile; fileRef = AB529416138CDBDA00E5F2C6 /* Foundation.framework */; };
		AB529419138CDBDA00E5F2C6 /* CoreGraphics.framework in Frameworks */ = {isa = PBXBuildFile; fileRef = AB529418138CDBDA00E5F2C6 /* CoreGraphics.framework */; };
		AB52941F138CDBDA00E5F2C6 /* InfoPlist.strings in Resources */ = {isa = PBXBuildFile; fileRef = AB52941D138CDBDA00E5F2C6 /* InfoPlist.strings */; };
		AB529422138CDBDA00E5F2C6 /* main.m in Sources */ = {isa = PBXBuildFile; fileRef = AB529421138CDBDA00E5F2C6 /* main.m */; };
		AB529425138CDBDA00E5F2C6 /* iHotelAppAppDelegate.m in Sources */ = {isa = PBXBuildFile; fileRef = AB529424138CDBDA00E5F2C6 /* iHotelAppAppDelegate.m */; };
		AB529428138CDBDA00E5F2C6 /* MainWindow.xib in Resources */ = {isa = PBXBuildFile; fileRef = AB529426138CDBDA00E5F2C6 /* MainWindow.xib */; };
		AB52942B138CDBDA00E5F2C6 /* iHotelAppViewController.m in Sources */ = {isa = PBXBuildFile; fileRef = AB52942A138CDBDA00E5F2C6 /* iHotelAppViewController.m */; };
		AB52942E138CDBDA00E5F2C6 /* iHotelAppViewController.xib in Resources */ = {isa = PBXBuildFile; fileRef = AB52942C138CDBDA00E5F2C6 /* iHotelAppViewController.xib */; };
		AB529437138CDC0200E5F2C6 /* RESTEngine.m in Sources */ = {isa = PBXBuildFile; fileRef = AB529436138CDC0100E5F2C6 /* RESTEngine.m */; };
		AB529473138CDDDE00E5F2C6 /* ASIAuthenticationDialog.m in Sources */ = {isa = PBXBuildFile; fileRef = AB529449138CDDDE00E5F2C6 /* ASIAuthenticationDialog.m */; settings = {COMPILER_FLAGS = "-fno-objc-arc"; }; };
		AB529474138CDDDE00E5F2C6 /* ASIDataCompressor.m in Sources */ = {isa = PBXBuildFile; fileRef = AB52944C138CDDDE00E5F2C6 /* ASIDataCompressor.m */; settings = {COMPILER_FLAGS = "-fno-objc-arc"; }; };
		AB529475138CDDDE00E5F2C6 /* ASIDataDecompressor.m in Sources */ = {isa = PBXBuildFile; fileRef = AB52944E138CDDDE00E5F2C6 /* ASIDataDecompressor.m */; settings = {COMPILER_FLAGS = "-fno-objc-arc"; }; };
		AB529476138CDDDE00E5F2C6 /* ASIDownloadCache.m in Sources */ = {isa = PBXBuildFile; fileRef = AB529450138CDDDE00E5F2C6 /* ASIDownloadCache.m */; settings = {COMPILER_FLAGS = "-fno-objc-arc"; }; };
		AB529477138CDDDE00E5F2C6 /* ASIFormDataRequest.m in Sources */ = {isa = PBXBuildFile; fileRef = AB529452138CDDDE00E5F2C6 /* ASIFormDataRequest.m */; settings = {COMPILER_FLAGS = "-fno-objc-arc"; }; };
		AB529478138CDDDE00E5F2C6 /* ASIHTTPRequest.m in Sources */ = {isa = PBXBuildFile; fileRef = AB529454138CDDDE00E5F2C6 /* ASIHTTPRequest.m */; settings = {COMPILER_FLAGS = "-fno-objc-arc"; }; };
		AB529479138CDDDE00E5F2C6 /* ASIInputStream.m in Sources */ = {isa = PBXBuildFile; fileRef = AB529458138CDDDE00E5F2C6 /* ASIInputStream.m */; settings = {COMPILER_FLAGS = "-fno-objc-arc"; }; };
		AB52947A138CDDDE00E5F2C6 /* ASINetworkQueue.m in Sources */ = {isa = PBXBuildFile; fileRef = AB52945A138CDDDE00E5F2C6 /* ASINetworkQueue.m */; settings = {COMPILER_FLAGS = "-fno-objc-arc"; }; };
		AB529484138CDDDE00E5F2C6 /* Reachability.m in Sources */ = {isa = PBXBuildFile; fileRef = AB529472138CDDDE00E5F2C6 /* Reachability.m */; settings = {COMPILER_FLAGS = "-fno-objc-arc"; }; };
		AB52948F138CE37300E5F2C6 /* CFNetwork.framework in Frameworks */ = {isa = PBXBuildFile; fileRef = AB52948D138CE37300E5F2C6 /* CFNetwork.framework */; };
		AB529490138CE37300E5F2C6 /* MobileCoreServices.framework in Frameworks */ = {isa = PBXBuildFile; fileRef = AB52948E138CE37300E5F2C6 /* MobileCoreServices.framework */; };
		AB529492138CE38500E5F2C6 /* libz.dylib in Frameworks */ = {isa = PBXBuildFile; fileRef = AB529491138CE38500E5F2C6 /* libz.dylib */; };
		AB529494138CE39300E5F2C6 /* SystemConfiguration.framework in Frameworks */ = {isa = PBXBuildFile; fileRef = AB529493138CE39300E5F2C6 /* SystemConfiguration.framework */; };
		AB52949D138D0D0B00E5F2C6 /* JSONModel.m in Sources */ = {isa = PBXBuildFile; fileRef = AB529498138D0D0B00E5F2C6 /* JSONModel.m */; };
		AB5294AA138D1D0500E5F2C6 /* MenuItem.m in Sources */ = {isa = PBXBuildFile; fileRef = AB5294A9138D1D0500E5F2C6 /* MenuItem.m */; };
		AB5294B5138D278600E5F2C6 /* menuitem.json in Resources */ = {isa = PBXBuildFile; fileRef = AB5294B4138D278600E5F2C6 /* menuitem.json */; };
		AB98F7AA143724C80039E5B4 /* JSONKit.m in Sources */ = {isa = PBXBuildFile; fileRef = AB98F7A9143724C80039E5B4 /* JSONKit.m */; settings = {COMPILER_FLAGS = "-fno-objc-arc"; }; };
/* End PBXBuildFile section */

/* Begin PBXFileReference section */
		AB1367AD13A5CBBB007D5996 /* RESTError.h */ = {isa = PBXFileReference; fileEncoding = 4; lastKnownFileType = sourcecode.c.h; path = RESTError.h; sourceTree = "<group>"; };
		AB1367AE13A5CBBB007D5996 /* RESTError.m */ = {isa = PBXFileReference; fileEncoding = 4; lastKnownFileType = sourcecode.c.objc; path = RESTError.m; sourceTree = "<group>"; };
		AB1367B613A5CDCC007D5996 /* Errors_en_US.plist */ = {isa = PBXFileReference; fileEncoding = 4; lastKnownFileType = text.plist.xml; path = Errors_en_US.plist; sourceTree = "<group>"; };
		AB1367C513A5FC2D007D5996 /* error.json */ = {isa = PBXFileReference; fileEncoding = 4; lastKnownFileType = text; path = error.json; sourceTree = "<group>"; };
		AB27FD3913908E5E00696D56 /* Review.h */ = {isa = PBXFileReference; fileEncoding = 4; lastKnownFileType = sourcecode.c.h; path = Review.h; sourceTree = "<group>"; };
		AB27FD3A13908E5E00696D56 /* Review.m */ = {isa = PBXFileReference; fileEncoding = 4; lastKnownFileType = sourcecode.c.objc; path = Review.m; sourceTree = "<group>"; };
		AB27FD551390A78900696D56 /* RESTRequest.h */ = {isa = PBXFileReference; fileEncoding = 4; lastKnownFileType = sourcecode.c.h; path = RESTRequest.h; sourceTree = "<group>"; };
		AB27FD561390A78A00696D56 /* RESTRequest.m */ = {isa = PBXFileReference; fileEncoding = 4; lastKnownFileType = sourcecode.c.objc; path = RESTRequest.m; sourceTree = "<group>"; };
		AB3D1B1813ADDDB2007D4867 /* MenuItemsViewController.h */ = {isa = PBXFileReference; fileEncoding = 4; lastKnownFileType = sourcecode.c.h; path = MenuItemsViewController.h; sourceTree = "<group>"; };
		AB3D1B1913ADDDB2007D4867 /* MenuItemsViewController.m */ = {isa = PBXFileReference; fileEncoding = 4; lastKnownFileType = sourcecode.c.objc; path = MenuItemsViewController.m; sourceTree = "<group>"; };
		AB3D1B1A13ADDDB2007D4867 /* MenuItemsViewController.xib */ = {isa = PBXFileReference; fileEncoding = 4; lastKnownFileType = file.xib; path = MenuItemsViewController.xib; sourceTree = "<group>"; };
		AB3D1B1E13ADE582007D4867 /* AppCache.h */ = {isa = PBXFileReference; fileEncoding = 4; lastKnownFileType = sourcecode.c.h; path = AppCache.h; sourceTree = "<group>"; };
		AB3D1B1F13ADE582007D4867 /* AppCache.m */ = {isa = PBXFileReference; fileEncoding = 4; lastKnownFileType = sourcecode.c.objc; path = AppCache.m; sourceTree = "<group>"; };
		AB529410138CDBDA00E5F2C6 /* iHotelApp.app */ = {isa = PBXFileReference; explicitFileType = wrapper.application; includeInIndex = 0; path = iHotelApp.app; sourceTree = BUILT_PRODUCTS_DIR; };
		AB529414138CDBDA00E5F2C6 /* UIKit.framework */ = {isa = PBXFileReference; lastKnownFileType = wrapper.framework; name = UIKit.framework; path = System/Library/Frameworks/UIKit.framework; sourceTree = SDKROOT; };
		AB529416138CDBDA00E5F2C6 /* Foundation.framework */ = {isa = PBXFileReference; lastKnownFileType = wrapper.framework; name = Foundation.framework; path = System/Library/Frameworks/Foundation.framework; sourceTree = SDKROOT; };
		AB529418138CDBDA00E5F2C6 /* CoreGraphics.framework */ = {isa = PBXFileReference; lastKnownFileType = wrapper.framework; name = CoreGraphics.framework; path = System/Library/Frameworks/CoreGraphics.framework; sourceTree = SDKROOT; };
		AB52941C138CDBDA00E5F2C6 /* iHotelApp-Info.plist */ = {isa = PBXFileReference; lastKnownFileType = text.plist.xml; path = "iHotelApp-Info.plist"; sourceTree = "<group>"; };
		AB52941E138CDBDA00E5F2C6 /* en */ = {isa = PBXFileReference; lastKnownFileType = text.plist.strings; name = en; path = en.lproj/InfoPlist.strings; sourceTree = "<group>"; };
		AB529420138CDBDA00E5F2C6 /* iHotelApp-Prefix.pch */ = {isa = PBXFileReference; lastKnownFileType = sourcecode.c.h; path = "iHotelApp-Prefix.pch"; sourceTree = "<group>"; };
		AB529421138CDBDA00E5F2C6 /* main.m */ = {isa = PBXFileReference; lastKnownFileType = sourcecode.c.objc; path = main.m; sourceTree = "<group>"; };
		AB529423138CDBDA00E5F2C6 /* iHotelAppAppDelegate.h */ = {isa = PBXFileReference; lastKnownFileType = sourcecode.c.h; path = iHotelAppAppDelegate.h; sourceTree = "<group>"; };
		AB529424138CDBDA00E5F2C6 /* iHotelAppAppDelegate.m */ = {isa = PBXFileReference; lastKnownFileType = sourcecode.c.objc; path = iHotelAppAppDelegate.m; sourceTree = "<group>"; };
		AB529427138CDBDA00E5F2C6 /* en */ = {isa = PBXFileReference; lastKnownFileType = file.xib; name = en; path = en.lproj/MainWindow.xib; sourceTree = "<group>"; };
		AB529429138CDBDA00E5F2C6 /* iHotelAppViewController.h */ = {isa = PBXFileReference; lastKnownFileType = sourcecode.c.h; path = iHotelAppViewController.h; sourceTree = "<group>"; };
		AB52942A138CDBDA00E5F2C6 /* iHotelAppViewController.m */ = {isa = PBXFileReference; lastKnownFileType = sourcecode.c.objc; path = iHotelAppViewController.m; sourceTree = "<group>"; };
		AB52942D138CDBDA00E5F2C6 /* en */ = {isa = PBXFileReference; lastKnownFileType = file.xib; name = en; path = en.lproj/iHotelAppViewController.xib; sourceTree = "<group>"; };
		AB529435138CDC0100E5F2C6 /* RESTEngine.h */ = {isa = PBXFileReference; fileEncoding = 4; lastKnownFileType = sourcecode.c.h; name = RESTEngine.h; path = RESTEngine/RESTEngine.h; sourceTree = "<group>"; };
		AB529436138CDC0100E5F2C6 /* RESTEngine.m */ = {isa = PBXFileReference; fileEncoding = 4; lastKnownFileType = sourcecode.c.objc; name = RESTEngine.m; path = RESTEngine/RESTEngine.m; sourceTree = "<group>"; };
		AB529448138CDDDE00E5F2C6 /* ASIAuthenticationDialog.h */ = {isa = PBXFileReference; fileEncoding = 4; lastKnownFileType = sourcecode.c.h; path = ASIAuthenticationDialog.h; sourceTree = "<group>"; };
		AB529449138CDDDE00E5F2C6 /* ASIAuthenticationDialog.m */ = {isa = PBXFileReference; fileEncoding = 4; lastKnownFileType = sourcecode.c.objc; path = ASIAuthenticationDialog.m; sourceTree = "<group>"; };
		AB52944A138CDDDE00E5F2C6 /* ASICacheDelegate.h */ = {isa = PBXFileReference; fileEncoding = 4; lastKnownFileType = sourcecode.c.h; path = ASICacheDelegate.h; sourceTree = "<group>"; };
		AB52944B138CDDDE00E5F2C6 /* ASIDataCompressor.h */ = {isa = PBXFileReference; fileEncoding = 4; lastKnownFileType = sourcecode.c.h; path = ASIDataCompressor.h; sourceTree = "<group>"; };
		AB52944C138CDDDE00E5F2C6 /* ASIDataCompressor.m */ = {isa = PBXFileReference; fileEncoding = 4; lastKnownFileType = sourcecode.c.objc; path = ASIDataCompressor.m; sourceTree = "<group>"; };
		AB52944D138CDDDE00E5F2C6 /* ASIDataDecompressor.h */ = {isa = PBXFileReference; fileEncoding = 4; lastKnownFileType = sourcecode.c.h; path = ASIDataDecompressor.h; sourceTree = "<group>"; };
		AB52944E138CDDDE00E5F2C6 /* ASIDataDecompressor.m */ = {isa = PBXFileReference; fileEncoding = 4; lastKnownFileType = sourcecode.c.objc; path = ASIDataDecompressor.m; sourceTree = "<group>"; };
		AB52944F138CDDDE00E5F2C6 /* ASIDownloadCache.h */ = {isa = PBXFileReference; fileEncoding = 4; lastKnownFileType = sourcecode.c.h; path = ASIDownloadCache.h; sourceTree = "<group>"; };
		AB529450138CDDDE00E5F2C6 /* ASIDownloadCache.m */ = {isa = PBXFileReference; fileEncoding = 4; lastKnownFileType = sourcecode.c.objc; path = ASIDownloadCache.m; sourceTree = "<group>"; };
		AB529451138CDDDE00E5F2C6 /* ASIFormDataRequest.h */ = {isa = PBXFileReference; fileEncoding = 4; lastKnownFileType = sourcecode.c.h; path = ASIFormDataRequest.h; sourceTree = "<group>"; };
		AB529452138CDDDE00E5F2C6 /* ASIFormDataRequest.m */ = {isa = PBXFileReference; fileEncoding = 4; lastKnownFileType = sourcecode.c.objc; path = ASIFormDataRequest.m; sourceTree = "<group>"; };
		AB529453138CDDDE00E5F2C6 /* ASIHTTPRequest.h */ = {isa = PBXFileReference; fileEncoding = 4; lastKnownFileType = sourcecode.c.h; path = ASIHTTPRequest.h; sourceTree = "<group>"; };
		AB529454138CDDDE00E5F2C6 /* ASIHTTPRequest.m */ = {isa = PBXFileReference; fileEncoding = 4; lastKnownFileType = sourcecode.c.objc; path = ASIHTTPRequest.m; sourceTree = "<group>"; };
		AB529455138CDDDE00E5F2C6 /* ASIHTTPRequestConfig.h */ = {isa = PBXFileReference; fileEncoding = 4; lastKnownFileType = sourcecode.c.h; path = ASIHTTPRequestConfig.h; sourceTree = "<group>"; };
		AB529456138CDDDE00E5F2C6 /* ASIHTTPRequestDelegate.h */ = {isa = PBXFileReference; fileEncoding = 4; lastKnownFileType = sourcecode.c.h; path = ASIHTTPRequestDelegate.h; sourceTree = "<group>"; };
		AB529457138CDDDE00E5F2C6 /* ASIInputStream.h */ = {isa = PBXFileReference; fileEncoding = 4; lastKnownFileType = sourcecode.c.h; path = ASIInputStream.h; sourceTree = "<group>"; };
		AB529458138CDDDE00E5F2C6 /* ASIInputStream.m */ = {isa = PBXFileReference; fileEncoding = 4; lastKnownFileType = sourcecode.c.objc; path = ASIInputStream.m; sourceTree = "<group>"; };
		AB529459138CDDDE00E5F2C6 /* ASINetworkQueue.h */ = {isa = PBXFileReference; fileEncoding = 4; lastKnownFileType = sourcecode.c.h; path = ASINetworkQueue.h; sourceTree = "<group>"; };
		AB52945A138CDDDE00E5F2C6 /* ASINetworkQueue.m */ = {isa = PBXFileReference; fileEncoding = 4; lastKnownFileType = sourcecode.c.objc; path = ASINetworkQueue.m; sourceTree = "<group>"; };
		AB52945B138CDDDE00E5F2C6 /* ASIProgressDelegate.h */ = {isa = PBXFileReference; fileEncoding = 4; lastKnownFileType = sourcecode.c.h; path = ASIProgressDelegate.h; sourceTree = "<group>"; };
		AB529471138CDDDE00E5F2C6 /* Reachability.h */ = {isa = PBXFileReference; fileEncoding = 4; lastKnownFileType = sourcecode.c.h; path = Reachability.h; sourceTree = "<group>"; };
		AB529472138CDDDE00E5F2C6 /* Reachability.m */ = {isa = PBXFileReference; fileEncoding = 4; lastKnownFileType = sourcecode.c.objc; path = Reachability.m; sourceTree = "<group>"; };
		AB52948D138CE37300E5F2C6 /* CFNetwork.framework */ = {isa = PBXFileReference; lastKnownFileType = wrapper.framework; name = CFNetwork.framework; path = System/Library/Frameworks/CFNetwork.framework; sourceTree = SDKROOT; };
		AB52948E138CE37300E5F2C6 /* MobileCoreServices.framework */ = {isa = PBXFileReference; lastKnownFileType = wrapper.framework; name = MobileCoreServices.framework; path = System/Library/Frameworks/MobileCoreServices.framework; sourceTree = SDKROOT; };
		AB529491138CE38500E5F2C6 /* libz.dylib */ = {isa = PBXFileReference; lastKnownFileType = "compiled.mach-o.dylib"; name = libz.dylib; path = usr/lib/libz.dylib; sourceTree = SDKROOT; };
		AB529493138CE39300E5F2C6 /* SystemConfiguration.framework */ = {isa = PBXFileReference; lastKnownFileType = wrapper.framework; name = SystemConfiguration.framework; path = System/Library/Frameworks/SystemConfiguration.framework; sourceTree = SDKROOT; };
		AB529497138D0D0B00E5F2C6 /* JSONModel.h */ = {isa = PBXFileReference; fileEncoding = 4; lastKnownFileType = sourcecode.c.h; path = JSONModel.h; sourceTree = "<group>"; };
		AB529498138D0D0B00E5F2C6 /* JSONModel.m */ = {isa = PBXFileReference; fileEncoding = 4; lastKnownFileType = sourcecode.c.objc; path = JSONModel.m; sourceTree = "<group>"; };
		AB5294A8138D1D0500E5F2C6 /* MenuItem.h */ = {isa = PBXFileReference; fileEncoding = 4; lastKnownFileType = sourcecode.c.h; path = MenuItem.h; sourceTree = "<group>"; };
		AB5294A9138D1D0500E5F2C6 /* MenuItem.m */ = {isa = PBXFileReference; fileEncoding = 4; lastKnownFileType = sourcecode.c.objc; path = MenuItem.m; sourceTree = "<group>"; };
		AB5294B4138D278600E5F2C6 /* menuitem.json */ = {isa = PBXFileReference; fileEncoding = 4; lastKnownFileType = text; path = menuitem.json; sourceTree = "<group>"; };
		AB98F7A8143724C80039E5B4 /* JSONKit.h */ = {isa = PBXFileReference; fileEncoding = 4; lastKnownFileType = sourcecode.c.h; path = JSONKit.h; sourceTree = "<group>"; };
		AB98F7A9143724C80039E5B4 /* JSONKit.m */ = {isa = PBXFileReference; fileEncoding = 4; lastKnownFileType = sourcecode.c.objc; path = JSONKit.m; sourceTree = "<group>"; };
/* End PBXFileReference section */

/* Begin PBXFrameworksBuildPhase section */
		AB52940D138CDBDA00E5F2C6 /* Frameworks */ = {
			isa = PBXFrameworksBuildPhase;
			buildActionMask = 2147483647;
			files = (
				AB529494138CE39300E5F2C6 /* SystemConfiguration.framework in Frameworks */,
				AB529492138CE38500E5F2C6 /* libz.dylib in Frameworks */,
				AB52948F138CE37300E5F2C6 /* CFNetwork.framework in Frameworks */,
				AB529490138CE37300E5F2C6 /* MobileCoreServices.framework in Frameworks */,
				AB529415138CDBDA00E5F2C6 /* UIKit.framework in Frameworks */,
				AB529417138CDBDA00E5F2C6 /* Foundation.framework in Frameworks */,
				AB529419138CDBDA00E5F2C6 /* CoreGraphics.framework in Frameworks */,
			);
			runOnlyForDeploymentPostprocessing = 0;
		};
/* End PBXFrameworksBuildPhase section */

/* Begin PBXGroup section */
		AB1367B813A5CDE2007D5996 /* Errors */ = {
			isa = PBXGroup;
			children = (
				AB1367B613A5CDCC007D5996 /* Errors_en_US.plist */,
			);
			name = Errors;
			sourceTree = "<group>";
		};
		AB529405138CDBDA00E5F2C6 = {
			isa = PBXGroup;
			children = (
				AB5294B3138D278500E5F2C6 /* Data */,
				AB529446138CDDB600E5F2C6 /* Externals */,
				AB52941A138CDBDA00E5F2C6 /* iHotelApp */,
				AB529413138CDBDA00E5F2C6 /* Frameworks */,
				AB529411138CDBDA00E5F2C6 /* Products */,
			);
			sourceTree = "<group>";
		};
		AB529411138CDBDA00E5F2C6 /* Products */ = {
			isa = PBXGroup;
			children = (
				AB529410138CDBDA00E5F2C6 /* iHotelApp.app */,
			);
			name = Products;
			sourceTree = "<group>";
		};
		AB529413138CDBDA00E5F2C6 /* Frameworks */ = {
			isa = PBXGroup;
			children = (
				AB529491138CE38500E5F2C6 /* libz.dylib */,
				AB52948E138CE37300E5F2C6 /* MobileCoreServices.framework */,
				AB52948D138CE37300E5F2C6 /* CFNetwork.framework */,
				AB529493138CE39300E5F2C6 /* SystemConfiguration.framework */,
				AB529414138CDBDA00E5F2C6 /* UIKit.framework */,
				AB529416138CDBDA00E5F2C6 /* Foundation.framework */,
				AB529418138CDBDA00E5F2C6 /* CoreGraphics.framework */,
			);
			name = Frameworks;
			sourceTree = "<group>";
		};
		AB52941A138CDBDA00E5F2C6 /* iHotelApp */ = {
			isa = PBXGroup;
			children = (
				AB529434138CDBE700E5F2C6 /* RESTEngine */,
				AB529423138CDBDA00E5F2C6 /* iHotelAppAppDelegate.h */,
				AB529424138CDBDA00E5F2C6 /* iHotelAppAppDelegate.m */,
				AB529426138CDBDA00E5F2C6 /* MainWindow.xib */,
				AB529429138CDBDA00E5F2C6 /* iHotelAppViewController.h */,
				AB52942A138CDBDA00E5F2C6 /* iHotelAppViewController.m */,
				AB52942C138CDBDA00E5F2C6 /* iHotelAppViewController.xib */,
				AB52941B138CDBDA00E5F2C6 /* Supporting Files */,
				AB3D1B1813ADDDB2007D4867 /* MenuItemsViewController.h */,
				AB3D1B1913ADDDB2007D4867 /* MenuItemsViewController.m */,
				AB3D1B1A13ADDDB2007D4867 /* MenuItemsViewController.xib */,
				AB3D1B1E13ADE582007D4867 /* AppCache.h */,
				AB3D1B1F13ADE582007D4867 /* AppCache.m */,
			);
			path = iHotelApp;
			sourceTree = "<group>";
		};
		AB52941B138CDBDA00E5F2C6 /* Supporting Files */ = {
			isa = PBXGroup;
			children = (
				AB52941C138CDBDA00E5F2C6 /* iHotelApp-Info.plist */,
				AB52941D138CDBDA00E5F2C6 /* InfoPlist.strings */,
				AB529420138CDBDA00E5F2C6 /* iHotelApp-Prefix.pch */,
				AB529421138CDBDA00E5F2C6 /* main.m */,
			);
			name = "Supporting Files";
			sourceTree = "<group>";
		};
		AB529434138CDBE700E5F2C6 /* RESTEngine */ = {
			isa = PBXGroup;
			children = (
				AB1367B813A5CDE2007D5996 /* Errors */,
				AB529496138D0D0000E5F2C6 /* Models */,
				AB529435138CDC0100E5F2C6 /* RESTEngine.h */,
				AB529436138CDC0100E5F2C6 /* RESTEngine.m */,
				AB27FD551390A78900696D56 /* RESTRequest.h */,
				AB27FD561390A78A00696D56 /* RESTRequest.m */,
			);
			name = RESTEngine;
			sourceTree = "<group>";
		};
		AB529446138CDDB600E5F2C6 /* Externals */ = {
			isa = PBXGroup;
			children = (
				AB529447138CDDDE00E5F2C6 /* ASI */,
				AB52945C138CDDDE00E5F2C6 /* JSON */,
				AB529470138CDDDE00E5F2C6 /* Reachability */,
			);
			name = Externals;
			sourceTree = "<group>";
		};
		AB529447138CDDDE00E5F2C6 /* ASI */ = {
			isa = PBXGroup;
			children = (
				AB529448138CDDDE00E5F2C6 /* ASIAuthenticationDialog.h */,
				AB529449138CDDDE00E5F2C6 /* ASIAuthenticationDialog.m */,
				AB52944A138CDDDE00E5F2C6 /* ASICacheDelegate.h */,
				AB52944B138CDDDE00E5F2C6 /* ASIDataCompressor.h */,
				AB52944C138CDDDE00E5F2C6 /* ASIDataCompressor.m */,
				AB52944D138CDDDE00E5F2C6 /* ASIDataDecompressor.h */,
				AB52944E138CDDDE00E5F2C6 /* ASIDataDecompressor.m */,
				AB52944F138CDDDE00E5F2C6 /* ASIDownloadCache.h */,
				AB529450138CDDDE00E5F2C6 /* ASIDownloadCache.m */,
				AB529451138CDDDE00E5F2C6 /* ASIFormDataRequest.h */,
				AB529452138CDDDE00E5F2C6 /* ASIFormDataRequest.m */,
				AB529453138CDDDE00E5F2C6 /* ASIHTTPRequest.h */,
				AB529454138CDDDE00E5F2C6 /* ASIHTTPRequest.m */,
				AB529455138CDDDE00E5F2C6 /* ASIHTTPRequestConfig.h */,
				AB529456138CDDDE00E5F2C6 /* ASIHTTPRequestDelegate.h */,
				AB529457138CDDDE00E5F2C6 /* ASIInputStream.h */,
				AB529458138CDDDE00E5F2C6 /* ASIInputStream.m */,
				AB529459138CDDDE00E5F2C6 /* ASINetworkQueue.h */,
				AB52945A138CDDDE00E5F2C6 /* ASINetworkQueue.m */,
				AB52945B138CDDDE00E5F2C6 /* ASIProgressDelegate.h */,
			);
			path = ASI;
			sourceTree = "<group>";
		};
		AB52945C138CDDDE00E5F2C6 /* JSON */ = {
			isa = PBXGroup;
			children = (
				AB98F7A8143724C80039E5B4 /* JSONKit.h */,
				AB98F7A9143724C80039E5B4 /* JSONKit.m */,
			);
			path = JSON;
			sourceTree = "<group>";
		};
		AB529470138CDDDE00E5F2C6 /* Reachability */ = {
			isa = PBXGroup;
			children = (
				AB529471138CDDDE00E5F2C6 /* Reachability.h */,
				AB529472138CDDDE00E5F2C6 /* Reachability.m */,
			);
			path = Reachability;
			sourceTree = "<group>";
		};
		AB529496138D0D0000E5F2C6 /* Models */ = {
			isa = PBXGroup;
			children = (
				AB1367AD13A5CBBB007D5996 /* RESTError.h */,
				AB1367AE13A5CBBB007D5996 /* RESTError.m */,
				AB529497138D0D0B00E5F2C6 /* JSONModel.h */,
				AB529498138D0D0B00E5F2C6 /* JSONModel.m */,
				AB27FD3913908E5E00696D56 /* Review.h */,
				AB27FD3A13908E5E00696D56 /* Review.m */,
				AB5294A8138D1D0500E5F2C6 /* MenuItem.h */,
				AB5294A9138D1D0500E5F2C6 /* MenuItem.m */,
			);
			name = Models;
			sourceTree = "<group>";
		};
		AB5294B3138D278500E5F2C6 /* Data */ = {
			isa = PBXGroup;
			children = (
				AB1367C513A5FC2D007D5996 /* error.json */,
				AB5294B4138D278600E5F2C6 /* menuitem.json */,
			);
			path = Data;
			sourceTree = "<group>";
		};
/* End PBXGroup section */

/* Begin PBXNativeTarget section */
		AB52940F138CDBDA00E5F2C6 /* iHotelApp */ = {
			isa = PBXNativeTarget;
			buildConfigurationList = AB529431138CDBDA00E5F2C6 /* Build configuration list for PBXNativeTarget "iHotelApp" */;
			buildPhases = (
				AB52940C138CDBDA00E5F2C6 /* Sources */,
				AB52940D138CDBDA00E5F2C6 /* Frameworks */,
				AB52940E138CDBDA00E5F2C6 /* Resources */,
			);
			buildRules = (
			);
			dependencies = (
			);
			name = iHotelApp;
			productName = iHotelApp;
			productReference = AB529410138CDBDA00E5F2C6 /* iHotelApp.app */;
			productType = "com.apple.product-type.application";
		};
/* End PBXNativeTarget section */

/* Begin PBXProject section */
		AB529407138CDBDA00E5F2C6 /* Project object */ = {
			isa = PBXProject;
			attributes = {
				LastUpgradeCheck = 0420;
				ORGANIZATIONNAME = Steinlogic;
			};
			buildConfigurationList = AB52940A138CDBDA00E5F2C6 /* Build configuration list for PBXProject "iHotelApp" */;
			compatibilityVersion = "Xcode 3.2";
			developmentRegion = English;
			hasScannedForEncodings = 0;
			knownRegions = (
				en,
			);
			mainGroup = AB529405138CDBDA00E5F2C6;
			productRefGroup = AB529411138CDBDA00E5F2C6 /* Products */;
			projectDirPath = "";
			projectRoot = "";
			targets = (
				AB52940F138CDBDA00E5F2C6 /* iHotelApp */,
			);
		};
/* End PBXProject section */

/* Begin PBXResourcesBuildPhase section */
		AB52940E138CDBDA00E5F2C6 /* Resources */ = {
			isa = PBXResourcesBuildPhase;
			buildActionMask = 2147483647;
			files = (
				AB52941F138CDBDA00E5F2C6 /* InfoPlist.strings in Resources */,
				AB529428138CDBDA00E5F2C6 /* MainWindow.xib in Resources */,
				AB52942E138CDBDA00E5F2C6 /* iHotelAppViewController.xib in Resources */,
				AB5294B5138D278600E5F2C6 /* menuitem.json in Resources */,
				AB1367B713A5CDCD007D5996 /* Errors_en_US.plist in Resources */,
				AB1367C613A5FC2D007D5996 /* error.json in Resources */,
				AB3D1B1C13ADDDB2007D4867 /* MenuItemsViewController.xib in Resources */,
			);
			runOnlyForDeploymentPostprocessing = 0;
		};
/* End PBXResourcesBuildPhase section */

/* Begin PBXSourcesBuildPhase section */
		AB52940C138CDBDA00E5F2C6 /* Sources */ = {
			isa = PBXSourcesBuildPhase;
			buildActionMask = 2147483647;
			files = (
				AB529422138CDBDA00E5F2C6 /* main.m in Sources */,
				AB529425138CDBDA00E5F2C6 /* iHotelAppAppDelegate.m in Sources */,
				AB52942B138CDBDA00E5F2C6 /* iHotelAppViewController.m in Sources */,
				AB529437138CDC0200E5F2C6 /* RESTEngine.m in Sources */,
				AB529473138CDDDE00E5F2C6 /* ASIAuthenticationDialog.m in Sources */,
				AB529474138CDDDE00E5F2C6 /* ASIDataCompressor.m in Sources */,
				AB529475138CDDDE00E5F2C6 /* ASIDataDecompressor.m in Sources */,
				AB529476138CDDDE00E5F2C6 /* ASIDownloadCache.m in Sources */,
				AB529477138CDDDE00E5F2C6 /* ASIFormDataRequest.m in Sources */,
				AB529478138CDDDE00E5F2C6 /* ASIHTTPRequest.m in Sources */,
				AB529479138CDDDE00E5F2C6 /* ASIInputStream.m in Sources */,
				AB52947A138CDDDE00E5F2C6 /* ASINetworkQueue.m in Sources */,
				AB529484138CDDDE00E5F2C6 /* Reachability.m in Sources */,
				AB52949D138D0D0B00E5F2C6 /* JSONModel.m in Sources */,
				AB5294AA138D1D0500E5F2C6 /* MenuItem.m in Sources */,
				AB27FD3B13908E5E00696D56 /* Review.m in Sources */,
				AB27FD571390A78D00696D56 /* RESTRequest.m in Sources */,
				AB1367AF13A5CBBB007D5996 /* RESTError.m in Sources */,
				AB3D1B1B13ADDDB2007D4867 /* MenuItemsViewController.m in Sources */,
				AB3D1B2013ADE582007D4867 /* AppCache.m in Sources */,
				AB98F7AA143724C80039E5B4 /* JSONKit.m in Sources */,
			);
			runOnlyForDeploymentPostprocessing = 0;
		};
/* End PBXSourcesBuildPhase section */

/* Begin PBXVariantGroup section */
		AB52941D138CDBDA00E5F2C6 /* InfoPlist.strings */ = {
			isa = PBXVariantGroup;
			children = (
				AB52941E138CDBDA00E5F2C6 /* en */,
			);
			name = InfoPlist.strings;
			sourceTree = "<group>";
		};
		AB529426138CDBDA00E5F2C6 /* MainWindow.xib */ = {
			isa = PBXVariantGroup;
			children = (
				AB529427138CDBDA00E5F2C6 /* en */,
			);
			name = MainWindow.xib;
			sourceTree = "<group>";
		};
		AB52942C138CDBDA00E5F2C6 /* iHotelAppViewController.xib */ = {
			isa = PBXVariantGroup;
			children = (
				AB52942D138CDBDA00E5F2C6 /* en */,
			);
			name = iHotelAppViewController.xib;
			sourceTree = "<group>";
		};
/* End PBXVariantGroup section */

/* Begin XCBuildConfiguration section */
		AB52942F138CDBDA00E5F2C6 /* Debug */ = {
			isa = XCBuildConfiguration;
			buildSettings = {
				ARCHS = "$(ARCHS_STANDARD_32_BIT)";
				CODE_SIGN_IDENTITY = "iPhone Developer";
				"CODE_SIGN_IDENTITY[sdk=iphoneos*]" = "iPhone Developer";
				GCC_C_LANGUAGE_STANDARD = gnu99;
				GCC_OPTIMIZATION_LEVEL = 0;
				GCC_PREPROCESSOR_DEFINITIONS = DEBUG;
				GCC_SYMBOLS_PRIVATE_EXTERN = NO;
				GCC_VERSION = com.apple.compilers.llvm.clang.1_0;
				GCC_WARN_ABOUT_RETURN_TYPE = YES;
				GCC_WARN_UNUSED_VARIABLE = YES;
				IPHONEOS_DEPLOYMENT_TARGET = 4.3;
				PROVISIONING_PROFILE = "";
				SDKROOT = iphoneos;
			};
			name = Debug;
		};
		AB529430138CDBDA00E5F2C6 /* Release */ = {
			isa = XCBuildConfiguration;
			buildSettings = {
				ARCHS = "$(ARCHS_STANDARD_32_BIT)";
				CODE_SIGN_IDENTITY = "iPhone Developer";
				"CODE_SIGN_IDENTITY[sdk=iphoneos*]" = "iPhone Developer";
				GCC_C_LANGUAGE_STANDARD = gnu99;
				GCC_VERSION = com.apple.compilers.llvm.clang.1_0;
				GCC_WARN_ABOUT_RETURN_TYPE = YES;
				GCC_WARN_UNUSED_VARIABLE = YES;
				IPHONEOS_DEPLOYMENT_TARGET = 4.3;
				OTHER_CFLAGS = "-DNS_BLOCK_ASSERTIONS=1";
				PROVISIONING_PROFILE = "";
				SDKROOT = iphoneos;
			};
			name = Release;
		};
		AB529432138CDBDA00E5F2C6 /* Debug */ = {
			isa = XCBuildConfiguration;
			buildSettings = {
				ALWAYS_SEARCH_USER_PATHS = NO;
				CLANG_ENABLE_OBJC_ARC = YES;
				COPY_PHASE_STRIP = NO;
				GCC_DYNAMIC_NO_PIC = NO;
				GCC_PRECOMPILE_PREFIX_HEADER = YES;
				GCC_PREFIX_HEADER = "iHotelApp/iHotelApp-Prefix.pch";
				GCC_VERSION = com.apple.compilers.llvm.clang.1_0;
				INFOPLIST_FILE = "iHotelApp/iHotelApp-Info.plist";
				PRODUCT_NAME = "$(TARGET_NAME)";
				WRAPPER_EXTENSION = app;
			};
			name = Debug;
		};
		AB529433138CDBDA00E5F2C6 /* Release */ = {
			isa = XCBuildConfiguration;
			buildSettings = {
				ALWAYS_SEARCH_USER_PATHS = NO;
				CLANG_ENABLE_OBJC_ARC = YES;
				COPY_PHASE_STRIP = YES;
				GCC_PRECOMPILE_PREFIX_HEADER = YES;
				GCC_PREFIX_HEADER = "iHotelApp/iHotelApp-Prefix.pch";
				GCC_VERSION = com.apple.compilers.llvm.clang.1_0;
				INFOPLIST_FILE = "iHotelApp/iHotelApp-Info.plist";
				PRODUCT_NAME = "$(TARGET_NAME)";
				VALIDATE_PRODUCT = YES;
				WRAPPER_EXTENSION = app;
			};
			name = Release;
		};
/* End XCBuildConfiguration section */

/* Begin XCConfigurationList section */
		AB52940A138CDBDA00E5F2C6 /* Build configuration list for PBXProject "iHotelApp" */ = {
			isa = XCConfigurationList;
			buildConfigurations = (
				AB52942F138CDBDA00E5F2C6 /* Debug */,
				AB529430138CDBDA00E5F2C6 /* Release */,
			);
			defaultConfigurationIsVisible = 0;
			defaultConfigurationName = Release;
		};
		AB529431138CDBDA00E5F2C6 /* Build configuration list for PBXNativeTarget "iHotelApp" */ = {
			isa = XCConfigurationList;
			buildConfigurations = (
				AB529432138CDBDA00E5F2C6 /* Debug */,
				AB529433138CDBDA00E5F2C6 /* Release */,
			);
			defaultConfigurationIsVisible = 0;
			defaultConfigurationName = Release;
		};
/* End XCConfigurationList section */
	};
	rootObject = AB529407138CDBDA00E5F2C6 /* Project object */;
}
